
Microsoft Visual Studio Solution File, Format Version 12.00
# Visual Studio Version 17
VisualStudioVersion = 17.9.34701.34
MinimumVisualStudioVersion = 10.0.40219.1
Project("{FAE04EC0-301F-11D3-BF4B-00C04F79EFBC}") = "MemEdit", "MemEdit\MemEdit.csproj", "{BAFB22A3-AB09-49E9-8FB2-6D0AFAE74D41}"
EndProject
Global
	GlobalSection(SolutionConfigurationPlatforms) = preSolution
		Debug|Any CPU = Debug|Any CPU
		Release|Any CPU = Release|Any CPU
	EndGlobalSection
	GlobalSection(ProjectConfigurationPlatforms) = postSolution
		{BAFB22A3-AB09-49E9-8FB2-6D0AFAE74D41}.Debug|Any CPU.ActiveCfg = Debug|Any CPU
		{BAFB22A3-AB09-49E9-8FB2-6D0AFAE74D41}.Debug|Any CPU.Build.0 = Debug|Any CPU
		{BAFB22A3-AB09-49E9-8FB2-6D0AFAE74D41}.Release|Any CPU.ActiveCfg = Release|Any CPU
		{BAFB22A3-AB09-49E9-8FB2-6D0AFAE74D41}.Release|Any CPU.Build.0 = Release|Any CPU
	EndGlobalSection
	GlobalSection(SolutionProperties) = preSolution
		HideSolutionNode = FALSE
	EndGlobalSection
	GlobalSection(ExtensibilityGlobals) = postSolution
		SolutionGuid = {3704399C-51EA-4F51-A44B-C00E8220F858}
	EndGlobalSection
EndGlobal
